
Microsoft Visual Studio Solution File, Format Version 12.00
# Visual Studio Version 16
VisualStudioVersion = 16.0.30621.155
MinimumVisualStudioVersion = 10.0.40219.1
Project("{9A19103F-16F7-4668-BE54-9A1E7A4F7556}") = "GuideRestoGre.Tests", "TestsCore\GuideRestoGre.Tests.csproj", "{F6C5AB67-04F7-440F-8286-CF897B40B661}"
EndProject
Project("{9A19103F-16F7-4668-BE54-9A1E7A4F7556}") = "GuideRestoGre.Data", "Data\GuideRestoGre.Data.csproj", "{04C21EE5-80E8-426E-9C56-A0D1502A6749}"
EndProject
Project("{9A19103F-16F7-4668-BE54-9A1E7A4F7556}") = "GuideRestoGre.Data.Query", "GuideRestoGre.Data.Query\GuideRestoGre.Data.Query.csproj", "{D33060F3-1EDF-4A5C-9D89-18D80BBDF5DC}"
EndProject
Project("{9A19103F-16F7-4668-BE54-9A1E7A4F7556}") = "GuideRestoGre.Services", "GuideRestoGre.Services\GuideRestoGre.Services.csproj", "{4F5110D3-B404-4BC3-AE0F-23F928BBDF9F}"
EndProject
Global
	GlobalSection(SolutionConfigurationPlatforms) = preSolution
		Debug|Any CPU = Debug|Any CPU
		Release|Any CPU = Release|Any CPU
	EndGlobalSection
	GlobalSection(ProjectConfigurationPlatforms) = postSolution
		{F6C5AB67-04F7-440F-8286-CF897B40B661}.Debug|Any CPU.ActiveCfg = Debug|Any CPU
		{F6C5AB67-04F7-440F-8286-CF897B40B661}.Debug|Any CPU.Build.0 = Debug|Any CPU
		{F6C5AB67-04F7-440F-8286-CF897B40B661}.Release|Any CPU.ActiveCfg = Release|Any CPU
		{F6C5AB67-04F7-440F-8286-CF897B40B661}.Release|Any CPU.Build.0 = Release|Any CPU
		{04C21EE5-80E8-426E-9C56-A0D1502A6749}.Debug|Any CPU.ActiveCfg = Debug|Any CPU
		{04C21EE5-80E8-426E-9C56-A0D1502A6749}.Debug|Any CPU.Build.0 = Debug|Any CPU
		{04C21EE5-80E8-426E-9C56-A0D1502A6749}.Release|Any CPU.ActiveCfg = Release|Any CPU
		{04C21EE5-80E8-426E-9C56-A0D1502A6749}.Release|Any CPU.Build.0 = Release|Any CPU
		{D33060F3-1EDF-4A5C-9D89-18D80BBDF5DC}.Debug|Any CPU.ActiveCfg = Debug|Any CPU
		{D33060F3-1EDF-4A5C-9D89-18D80BBDF5DC}.Debug|Any CPU.Build.0 = Debug|Any CPU
		{D33060F3-1EDF-4A5C-9D89-18D80BBDF5DC}.Release|Any CPU.ActiveCfg = Release|Any CPU
		{D33060F3-1EDF-4A5C-9D89-18D80BBDF5DC}.Release|Any CPU.Build.0 = Release|Any CPU
		{4F5110D3-B404-4BC3-AE0F-23F928BBDF9F}.Debug|Any CPU.ActiveCfg = Debug|Any CPU
		{4F5110D3-B404-4BC3-AE0F-23F928BBDF9F}.Debug|Any CPU.Build.0 = Debug|Any CPU
		{4F5110D3-B404-4BC3-AE0F-23F928BBDF9F}.Release|Any CPU.ActiveCfg = Release|Any CPU
		{4F5110D3-B404-4BC3-AE0F-23F928BBDF9F}.Release|Any CPU.Build.0 = Release|Any CPU
	EndGlobalSection
	GlobalSection(SolutionProperties) = preSolution
		HideSolutionNode = FALSE
	EndGlobalSection
	GlobalSection(ExtensibilityGlobals) = postSolution
		SolutionGuid = {A02B2E2E-1049-4E4C-A121-3AB7F4746BF0}
	EndGlobalSection
EndGlobal
